lockfile_version: '1'
generated_at: '2026-05-03T22:36:02.665067+00:00'
apm_version: 0.11.0
dependencies:
- repo_url: yukimemi/renri
  host: github.com
  resolved_commit: 33416561644401cadf80d8efd7f6c437a0a9eede
  resolved_ref: main
  package_type: apm_package
  deployed_files:
  - .claude/skills/renri
  - .gemini/skills/renri
  - .github/skills/renri
  content_hash: sha256:a7ad5da60ea4adc944b57390a5c0fd636f1927ac147e054dc74494d3560b7494
